
Microsoft Visual Studio Solution File, Format Version 12.00
# Visual Studio 15
Project("{8BC9CEB8-8B4A-11D0-8D11-00A0C91BC942}") = "STMF103RET6Project", "STMF103RET6Project.vcxproj", "{8B16E607-77FA-A65D-E05A-A1B0CC5D91DF}"
EndProject
Global
	GlobalSection(SolutionConfigurationPlatforms) = preSolution
		STMF103RET6Project|Win32 = STMF103RET6Project|Win32
	EndGlobalSection
	GlobalSection(ProjectConfigurationPlatforms) = postSolution
		{8B16E607-77FA-A65D-E05A-A1B0CC5D91DF}.STMF103RET6Project|Win32.ActiveCfg = STMF103RET6Project|Win32
		{8B16E607-77FA-A65D-E05A-A1B0CC5D91DF}.STMF103RET6Project|Win32.Build.0 = STMF103RET6Project|Win32
	EndGlobalSection
	GlobalSection(SolutionProperties) = preSolution
		HideSolutionNode = FALSE
	EndGlobalSection
EndGlobal
